{
  "name": "angular2-semantic-ui",
  "version": "2.0.7",
  "lockfileVersion": 1,
  "requires": true,
  "dependencies": {
    "@angular/animations": {
      "version": "4.3.1",
      "resolved": "https://registry.npmjs.org/@angular/animations/-/animations-4.3.1.tgz",
      "integrity": "sha1-H34LuAPvwhxggkbmdlocZH89Gl8=",
      "dev": true,
      "requires": {
        "tslib": "1.7.1"
      }
    },
    "@angular/common": {
      "version": "4.3.1",
      "resolved": "https://registry.npmjs.org/@angular/common/-/common-4.3.1.tgz",
      "integrity": "sha1-Jg9IenzcoybENr0+qVFceX3i/3I=",
      "dev": true,
      "requires": {
        "tslib": "1.7.1"
      }
    },
    "@angular/core": {
      "version": "4.3.1",
      "resolved": "https://registry.npmjs.org/@angular/core/-/core-4.3.1.tgz",
      "integrity": "sha1-qdCn1kS5YmBnQmm2iaBP7qYyqNM=",
      "dev": true,
      "requires": {
        "tslib": "1.7.1"
      }
    },
    "@angular/forms": {
      "version": "4.3.1",
      "resolved": "https://registry.npmjs.org/@angular/forms/-/forms-4.3.1.tgz",
      "integrity": "sha1-M5FNossUZDD/kBRx5oLHZlRiLf4=",
      "dev": true,
      "requires": {
        "tslib": "1.7.1"
      }
    },
    "@angular/platform-browser": {
      "version": "4.3.1",
      "resolved": "https://registry.npmjs.org/@angular/platform-browser/-/platform-browser-4.3.1.tgz",
      "integrity": "sha1-23J7Bu7WS9pd7+xxgV2yak2i9pA=",
      "dev": true,
      "requires": {
        "tslib": "1.7.1"
      }
    },
    "rxjs": {
      "version": "5.4.2",
      "resolved": "https://registry.npmjs.org/rxjs/-/rxjs-5.4.2.tgz",
      "integrity": "sha1-KjI2/L8D31e64G/Wly/ZnlwI/Pc=",
      "dev": true,
      "requires": {
        "symbol-observable": "1.0.4"
      }
    },
    "symbol-observable": {
      "version": "1.0.4",
      "resolved": "https://registry.npmjs.org/symbol-observable/-/symbol-observable-1.0.4.tgz",
      "integrity": "sha1-Kb9hXUqnEhvdiYsi1LP5vE4qoD0=",
      "dev": true
    },
    "tslib": {
      "version": "1.7.1",
      "resolved": "https://registry.npmjs.org/tslib/-/tslib-1.7.1.tgz",
      "integrity": "sha1-vIAEFkaRkjp5/oN4u+s9ogF1OOw=",
      "dev": true
    }
  }
}
